<?xml version="1.0" encoding="utf-8"?>
<Project ToolsVersion="4.0" xmlns="http://schemas.microsoft.com/developer/msbuild/2003">
  <ItemGroup>
    <Filter Include="Source Files">
      <UniqueIdentifier>{4FC737F1-C7A5-4376-A066-2A32D752A2FF}</UniqueIdentifier>
      <Extensions>cpp;c;cc;cxx;c++;cppm;ixx;def;odl;idl;hpj;bat;asm;asmx</Extensions>
    </Filter>
    <Filter Include="Header Files">
      <UniqueIdentifier>{93995380-89BD-4b04-88EB-625FBE52EBFB}</UniqueIdentifier>
      <Extensions>h;hh;hpp;hxx;h++;hm;inl;inc;ipp;xsd</Extensions>
    </Filter>
    <Filter Include="Resource Files">
      <UniqueIdentifier>{67DA6AB6-F800-4c08-8B7A-83BB121AAD01}</UniqueIdentifier>
      <Extensions>rc;ico;cur;bmp;dlg;rc2;rct;bin;rgs;gif;jpg;jpeg;jpe;resx;tiff;tif;png;wav;mfcribbon-ms</Extensions>
    </Filter>
    <Filter Include="Source Files\Display">
      <UniqueIdentifier>{afdf9744-9ca3-4b86-93f6-19b917182eb4}</UniqueIdentifier>
    </Filter>
    <Filter Include="Source Files\Engine">
      <UniqueIdentifier>{782f10c2-b4d5-43f8-9e5e-e0851401dd51}</UniqueIdentifier>
    </Filter>
    <Filter Include="Source Files\Engine\Move Generators">
      <UniqueIdentifier>{9434e864-5dcf-41b4-968c-6962112f71f5}</UniqueIdentifier>
    </Filter>
    <Filter Include="Source Files\Engine\Other Generators">
      <UniqueIdentifier>{375b74f5-edd6-4b02-a59f-a47e665797a7}</UniqueIdentifier>
    </Filter>
  </ItemGroup>
  <ItemGroup>
    <ClCompile Include="main.cpp">
      <Filter>Source Files</Filter>
    </ClCompile>
    <ClCompile Include="ChessDisplay.h">
      <Filter>Header Files</Filter>
    </ClCompile>
    <ClCompile Include="Tools.cpp">
      <Filter>Source Files</Filter>
    </ClCompile>
    <ClCompile Include="ChessDisplaySettings.cpp">
      <Filter>Source Files\Display</Filter>
    </ClCompile>
    <ClCompile Include="ChessDisplay.cpp">
      <Filter>Source Files\Display</Filter>
    </ClCompile>
    <ClCompile Include="ChessDisplayGame.cpp">
      <Filter>Source Files\Display</Filter>
    </ClCompile>
    <ClCompile Include="ChessDisplayMenu.cpp">
      <Filter>Source Files\Display</Filter>
    </ClCompile>
    <ClCompile Include="ChessEngine.cpp">
      <Filter>Source Files\Engine</Filter>
    </ClCompile>
    <ClCompile Include="MovesGeneratorBishop.cpp">
      <Filter>Source Files\Engine\Move Generators</Filter>
    </ClCompile>
    <ClCompile Include="MovesGeneratorKing.cpp">
      <Filter>Source Files\Engine\Move Generators</Filter>
    </ClCompile>
    <ClCompile Include="MovesGeneratorKnight.cpp">
      <Filter>Source Files\Engine\Move Generators</Filter>
    </ClCompile>
    <ClCompile Include="MovesGeneratorPawn.cpp">
      <Filter>Source Files\Engine\Move Generators</Filter>
    </ClCompile>
    <ClCompile Include="MovesGeneratorQueen.cpp">
      <Filter>Source Files\Engine\Move Generators</Filter>
    </ClCompile>
    <ClCompile Include="MovesGeneratorRook.cpp">
      <Filter>Source Files\Engine\Move Generators</Filter>
    </ClCompile>
    <ClCompile Include="CheckingPiecesGenerator.cpp">
      <Filter>Source Files\Engine\Other Generators</Filter>
    </ClCompile>
    <ClCompile Include="PinnedPiecesGenerator.cpp">
      <Filter>Source Files\Engine\Other Generators</Filter>
    </ClCompile>
    <ClCompile Include="PerftTesting.cpp">
      <Filter>Source Files\Engine</Filter>
    </ClCompile>
  </ItemGroup>
  <ItemGroup>
    <ClInclude Include="ChessEngine.h">
      <Filter>Header Files</Filter>
    </ClInclude>
    <ClInclude Include="Tools.h">
      <Filter>Header Files</Filter>
    </ClInclude>
  </ItemGroup>
</Project>